
Microsoft Visual Studio Solution File, Format Version 12.00
# Visual Studio Version 17
VisualStudioVersion = 17.0.31903.59
MinimumVisualStudioVersion = 10.0.40219.1
Project("{FAE04EC0-301F-11D3-BF4B-00C04F79EFBC}") = "ReportCash.API", "ReportCash.API\ReportCash.API.csproj", "{A2B61395-9648-413C-B5F8-8410D05238E5}"
EndProject
Project("{FAE04EC0-301F-11D3-BF4B-00C04F79EFBC}") = "ReportCash.Application", "ReportCash.Application\ReportCash.Application.csproj", "{71026E43-3171-4C32-9F83-67C1E35CE310}"
EndProject
Project("{FAE04EC0-301F-11D3-BF4B-00C04F79EFBC}") = "ReportCash.Core", "ReportCash.Core\ReportCash.Core.csproj", "{DF50C0D4-CA98-490B-9E5C-4E54C6F5079E}"
EndProject
Project("{FAE04EC0-301F-11D3-BF4B-00C04F79EFBC}") = "ReportCash.Infrastructure", "ReportCash.Infrastructure\ReportCash.Infrastructure.csproj", "{0E60A977-8870-4776-8246-473304013553}"
EndProject
Project("{FAE04EC0-301F-11D3-BF4B-00C04F79EFBC}") = "ReportCash.Tests", "ReportCash.Tests\ReportCash.Tests.csproj", "{35B7E26B-9093-4D18-BC55-68F7AA3DF45B}"
EndProject
Global
	GlobalSection(SolutionConfigurationPlatforms) = preSolution
		Debug|Any CPU = Debug|Any CPU
		Release|Any CPU = Release|Any CPU
	EndGlobalSection
	GlobalSection(SolutionProperties) = preSolution
		HideSolutionNode = FALSE
	EndGlobalSection
	GlobalSection(ExtensibilityGlobals) = postSolution
		SolutionGuid = {70BF9DA9-3DE2-419F-BE67-C4E29BA28429}
	EndGlobalSection
	GlobalSection(ProjectConfigurationPlatforms) = postSolution
		{A2B61395-9648-413C-B5F8-8410D05238E5}.Debug|Any CPU.ActiveCfg = Debug|Any CPU
		{A2B61395-9648-413C-B5F8-8410D05238E5}.Debug|Any CPU.Build.0 = Debug|Any CPU
		{A2B61395-9648-413C-B5F8-8410D05238E5}.Release|Any CPU.ActiveCfg = Release|Any CPU
		{A2B61395-9648-413C-B5F8-8410D05238E5}.Release|Any CPU.Build.0 = Release|Any CPU
		{71026E43-3171-4C32-9F83-67C1E35CE310}.Debug|Any CPU.ActiveCfg = Debug|Any CPU
		{71026E43-3171-4C32-9F83-67C1E35CE310}.Debug|Any CPU.Build.0 = Debug|Any CPU
		{71026E43-3171-4C32-9F83-67C1E35CE310}.Release|Any CPU.ActiveCfg = Release|Any CPU
		{71026E43-3171-4C32-9F83-67C1E35CE310}.Release|Any CPU.Build.0 = Release|Any CPU
		{DF50C0D4-CA98-490B-9E5C-4E54C6F5079E}.Debug|Any CPU.ActiveCfg = Debug|Any CPU
		{DF50C0D4-CA98-490B-9E5C-4E54C6F5079E}.Debug|Any CPU.Build.0 = Debug|Any CPU
		{DF50C0D4-CA98-490B-9E5C-4E54C6F5079E}.Release|Any CPU.ActiveCfg = Release|Any CPU
		{DF50C0D4-CA98-490B-9E5C-4E54C6F5079E}.Release|Any CPU.Build.0 = Release|Any CPU
		{0E60A977-8870-4776-8246-473304013553}.Debug|Any CPU.ActiveCfg = Debug|Any CPU
		{0E60A977-8870-4776-8246-473304013553}.Debug|Any CPU.Build.0 = Debug|Any CPU
		{0E60A977-8870-4776-8246-473304013553}.Release|Any CPU.ActiveCfg = Release|Any CPU
		{0E60A977-8870-4776-8246-473304013553}.Release|Any CPU.Build.0 = Release|Any CPU
		{35B7E26B-9093-4D18-BC55-68F7AA3DF45B}.Debug|Any CPU.ActiveCfg = Debug|Any CPU
		{35B7E26B-9093-4D18-BC55-68F7AA3DF45B}.Debug|Any CPU.Build.0 = Debug|Any CPU
		{35B7E26B-9093-4D18-BC55-68F7AA3DF45B}.Release|Any CPU.ActiveCfg = Release|Any CPU
		{35B7E26B-9093-4D18-BC55-68F7AA3DF45B}.Release|Any CPU.Build.0 = Release|Any CPU
	EndGlobalSection
EndGlobal
